
Microsoft Visual Studio Solution File, Format Version 12.00
# Visual Studio Version 16
VisualStudioVersion = 16.0.31402.337
MinimumVisualStudioVersion = 10.0.40219.1
Project("{FAE04EC0-301F-11D3-BF4B-00C04F79EFBC}") = "NEACSwimmingPoolMang.API", "NEACSwimmingPoolMang.API\NEACSwimmingPoolMang.API.csproj", "{3B19B920-2E5A-4172-BB09-31C1E19119A2}"
EndProject
Global
	GlobalSection(SolutionConfigurationPlatforms) = preSolution
		Debug|Any CPU = Debug|Any CPU
		Release|Any CPU = Release|Any CPU
	EndGlobalSection
	GlobalSection(ProjectConfigurationPlatforms) = postSolution
		{3B19B920-2E5A-4172-BB09-31C1E19119A2}.Debug|Any CPU.ActiveCfg = Debug|Any CPU
		{3B19B920-2E5A-4172-BB09-31C1E19119A2}.Debug|Any CPU.Build.0 = Debug|Any CPU
		{3B19B920-2E5A-4172-BB09-31C1E19119A2}.Release|Any CPU.ActiveCfg = Release|Any CPU
		{3B19B920-2E5A-4172-BB09-31C1E19119A2}.Release|Any CPU.Build.0 = Release|Any CPU
	EndGlobalSection
	GlobalSection(SolutionProperties) = preSolution
		HideSolutionNode = FALSE
	EndGlobalSection
	GlobalSection(ExtensibilityGlobals) = postSolution
		SolutionGuid = {B048A852-2BFB-4380-B7C2-AED4BF1A7D8C}
	EndGlobalSection
EndGlobal
